
Microsoft Visual Studio Solution File, Format Version 12.00
# Visual Studio Version 17
VisualStudioVersion = 17.6.33717.318
MinimumVisualStudioVersion = 10.0.40219.1
Project("{8BC9CEB8-8B4A-11D0-8D11-00A0C91BC942}") = "5_Ing", "5_Ing\5_Ing.vcxproj", "{D6E1F489-320E-4F69-9199-A13035F5318E}"
EndProject
Global
	GlobalSection(SolutionConfigurationPlatforms) = preSolution
		Debug|x64 = Debug|x64
		Debug|x86 = Debug|x86
		Release|x64 = Release|x64
		Release|x86 = Release|x86
	EndGlobalSection
	GlobalSection(ProjectConfigurationPlatforms) = postSolution
		{D6E1F489-320E-4F69-9199-A13035F5318E}.Debug|x64.ActiveCfg = Debug|x64
		{D6E1F489-320E-4F69-9199-A13035F5318E}.Debug|x64.Build.0 = Debug|x64
		{D6E1F489-320E-4F69-9199-A13035F5318E}.Debug|x86.ActiveCfg = Debug|Win32
		{D6E1F489-320E-4F69-9199-A13035F5318E}.Debug|x86.Build.0 = Debug|Win32
		{D6E1F489-320E-4F69-9199-A13035F5318E}.Release|x64.ActiveCfg = Release|x64
		{D6E1F489-320E-4F69-9199-A13035F5318E}.Release|x64.Build.0 = Release|x64
		{D6E1F489-320E-4F69-9199-A13035F5318E}.Release|x86.ActiveCfg = Release|Win32
		{D6E1F489-320E-4F69-9199-A13035F5318E}.Release|x86.Build.0 = Release|Win32
	EndGlobalSection
	GlobalSection(SolutionProperties) = preSolution
		HideSolutionNode = FALSE
	EndGlobalSection
	GlobalSection(ExtensibilityGlobals) = postSolution
		SolutionGuid = {C9BF289D-5ABC-48A0-9EED-89B31BA203B4}
	EndGlobalSection
EndGlobal
